
Microsoft Visual Studio Solution File, Format Version 12.00
# Visual Studio 2012
Project("{FAE04EC0-301F-11D3-BF4B-00C04F79EFBC}") = "Hangman", "Hangman\Hangman.csproj", "{58C2E0F8-3263-4FBC-89E9-4EBE482276CA}"
EndProject
Global
	GlobalSection(SolutionConfigurationPlatforms) = preSolution
		Debug|x86 = Debug|x86
		Release|x86 = Release|x86
	EndGlobalSection
	GlobalSection(ProjectConfigurationPlatforms) = postSolution
		{58C2E0F8-3263-4FBC-89E9-4EBE482276CA}.Debug|x86.ActiveCfg = Debug|x86
		{58C2E0F8-3263-4FBC-89E9-4EBE482276CA}.Debug|x86.Build.0 = Debug|x86
		{58C2E0F8-3263-4FBC-89E9-4EBE482276CA}.Release|x86.ActiveCfg = Release|x86
		{58C2E0F8-3263-4FBC-89E9-4EBE482276CA}.Release|x86.Build.0 = Release|x86
	EndGlobalSection
	GlobalSection(MonoDevelopProperties) = preSolution
		StartupItem = Hangman\Hangman.csproj
	EndGlobalSection
EndGlobal
